{
  "name": "algolus",
  "version": "1.0.0",
  "lockfileVersion": 1,
  "requires": true,
  "dependencies": {
    "@hotwired/stimulus": {
      "version": "3.0.1",
      "resolved": "https://registry.npmjs.org/@hotwired/stimulus/-/stimulus-3.0.1.tgz",
      "integrity": "sha512-oHsJhgY2cip+K2ED7vKUNd2P+BEswVhrCYcJ802DSsblJFv7mPFVk3cQKvm2vHgHeDVdnj7oOKrBbzp1u8D+KA==",
      "dev": true
    },
    "@symfony/ux-dropzone": {
      "version": "file:vendor/symfony/ux-dropzone/Resources/assets",
      "dev": true
    },
    "flip-toolkit": {
      "version": "7.0.13",
      "resolved": "https://registry.npmjs.org/flip-toolkit/-/flip-toolkit-7.0.13.tgz",
      "integrity": "sha512-9rj4mPk2FeKu/FW8Rvl3YrU8Hc7uSUYpzk3ZBeVF0xaaZsoVMLrfmffrDsrQgASvbTbd5kEf9yjfSwEZ+30cKg==",
      "requires": {
        "rematrix": "0.2.2"
      }
    },
    "nouislider": {
      "version": "15.5.0",
      "resolved": "https://registry.npmjs.org/nouislider/-/nouislider-15.5.0.tgz",
      "integrity": "sha512-p0Rn0a4XzrBJ+JZRhNDYpRYr6sDPkajsjbvEQoTp/AZlNI3NirO15s1t11D25Gk3zVyvNJAzc1DO48cq/KX5Sw==",
      "dev": true
    },
    "rematrix": {
      "version": "0.2.2",
      "resolved": "https://registry.npmjs.org/rematrix/-/rematrix-0.2.2.tgz",
      "integrity": "sha512-agFFS3RzrLXJl5LY5xg/xYyXvUuVAnkhgKO7RaO9J1Ssth6yvbO+PIiV67V59MB5NCdAK2flvGvNT4mdKVniFA=="
    },
    "sweetalert2": {
      "version": "11.1.9",
      "resolved": "https://registry.npmjs.org/sweetalert2/-/sweetalert2-11.1.9.tgz",
      "integrity": "sha512-ox+BjtAbO8mJrbQH9TsNwMwLeTfV+ve33CVz/kKn5D/DhRiSqnw2rWL4HuBlh9Z4yqYlTD5viR5Z2K5D3avM7Q=="
    }
  }
}
